
Microsoft Visual Studio Solution File, Format Version 12.00
# Visual Studio 15
VisualStudioVersion = 15.0.27703.2035
MinimumVisualStudioVersion = 10.0.40219.1
Project("{9A19103F-16F7-4668-BE54-9A1E7A4F7556}") = "preguntas", "..\..\..\Desktop\preguntas\preguntas.csproj", "{9D8F8B27-1FF1-4513-96A3-BAAD7533DD86}"
EndProject
Project("{9A19103F-16F7-4668-BE54-9A1E7A4F7556}") = "GH", "..\..\..\Documents\GestionHumana.git\GH\GH.csproj", "{3691F966-6C14-4AD8-93A1-019B1BD8641F}"
EndProject
Global
	GlobalSection(SolutionConfigurationPlatforms) = preSolution
		Debug|Any CPU = Debug|Any CPU
		Release|Any CPU = Release|Any CPU
	EndGlobalSection
	GlobalSection(ProjectConfigurationPlatforms) = postSolution
		{9D8F8B27-1FF1-4513-96A3-BAAD7533DD86}.Debug|Any CPU.ActiveCfg = Debug|Any CPU
		{9D8F8B27-1FF1-4513-96A3-BAAD7533DD86}.Debug|Any CPU.Build.0 = Debug|Any CPU
		{9D8F8B27-1FF1-4513-96A3-BAAD7533DD86}.Release|Any CPU.ActiveCfg = Release|Any CPU
		{9D8F8B27-1FF1-4513-96A3-BAAD7533DD86}.Release|Any CPU.Build.0 = Release|Any CPU
		{3691F966-6C14-4AD8-93A1-019B1BD8641F}.Debug|Any CPU.ActiveCfg = Debug|Any CPU
		{3691F966-6C14-4AD8-93A1-019B1BD8641F}.Debug|Any CPU.Build.0 = Debug|Any CPU
		{3691F966-6C14-4AD8-93A1-019B1BD8641F}.Release|Any CPU.ActiveCfg = Release|Any CPU
		{3691F966-6C14-4AD8-93A1-019B1BD8641F}.Release|Any CPU.Build.0 = Release|Any CPU
	EndGlobalSection
	GlobalSection(SolutionProperties) = preSolution
		HideSolutionNode = FALSE
	EndGlobalSection
	GlobalSection(ExtensibilityGlobals) = postSolution
		SolutionGuid = {75157D51-60C4-436F-A51A-55FFA1BDF5BC}
	EndGlobalSection
EndGlobal
